
Microsoft Visual Studio Solution File, Format Version 12.00
# Visual Studio Version 17
VisualStudioVersion = 17.13.35828.75 d17.13
MinimumVisualStudioVersion = 10.0.40219.1
Project("{FAE04EC0-301F-11D3-BF4B-00C04F79EFBC}") = "backend", "backend\backend.csproj", "{B9CF96D7-B4EA-480F-81C0-FD3828E141B9}"
EndProject
Project("{FAE04EC0-301F-11D3-BF4B-00C04F79EFBC}") = "tests", "tests\tests.csproj", "{BC478A85-5F6A-4EC7-AB9B-9B31471FEE17}"
EndProject
Global
	GlobalSection(SolutionConfigurationPlatforms) = preSolution
		Debug|Any CPU = Debug|Any CPU
		Release|Any CPU = Release|Any CPU
	EndGlobalSection
	GlobalSection(ProjectConfigurationPlatforms) = postSolution
		{B9CF96D7-B4EA-480F-81C0-FD3828E141B9}.Debug|Any CPU.ActiveCfg = Debug|Any CPU
		{B9CF96D7-B4EA-480F-81C0-FD3828E141B9}.Debug|Any CPU.Build.0 = Debug|Any CPU
		{B9CF96D7-B4EA-480F-81C0-FD3828E141B9}.Release|Any CPU.ActiveCfg = Release|Any CPU
		{B9CF96D7-B4EA-480F-81C0-FD3828E141B9}.Release|Any CPU.Build.0 = Release|Any CPU
		{BC478A85-5F6A-4EC7-AB9B-9B31471FEE17}.Debug|Any CPU.ActiveCfg = Debug|Any CPU
		{BC478A85-5F6A-4EC7-AB9B-9B31471FEE17}.Debug|Any CPU.Build.0 = Debug|Any CPU
		{BC478A85-5F6A-4EC7-AB9B-9B31471FEE17}.Release|Any CPU.ActiveCfg = Release|Any CPU
		{BC478A85-5F6A-4EC7-AB9B-9B31471FEE17}.Release|Any CPU.Build.0 = Release|Any CPU
	EndGlobalSection
	GlobalSection(SolutionProperties) = preSolution
		HideSolutionNode = FALSE
	EndGlobalSection
	GlobalSection(ExtensibilityGlobals) = postSolution
		SolutionGuid = {4DEEE713-6599-4B9A-B810-2AC190FF741F}
	EndGlobalSection
EndGlobal
